{
  "version": 1,
  "assets": {
    "icon/icon": {
      "exports/icon/512.png": {
        "sourceChecksum": "sha256:6ee6b520f2c0e5eea9b7efca53119250c48a40ba4c866cc9c373ad22404ade33",
        "outputPath": "exports/icon/512.png",
        "exportedAt": "2026-07-17T01:15:46.723Z",
        "exportChecksum": "sha256:ffb750aec0ba57f441808a890f43db987463434c3d9b3706e6b3df29a7f80c33"
      },
      "exports/icon/192.png": {
        "sourceChecksum": "sha256:6ee6b520f2c0e5eea9b7efca53119250c48a40ba4c866cc9c373ad22404ade33",
        "outputPath": "exports/icon/192.png",
        "exportedAt": "2026-07-17T01:15:48.518Z",
        "exportChecksum": "sha256:5cfac1fd32f37e756ebb5b48e3f1e209dc429f71773d27f54a94135d64790ee4"
      },
      "exports/icon/180.png": {
        "sourceChecksum": "sha256:6ee6b520f2c0e5eea9b7efca53119250c48a40ba4c866cc9c373ad22404ade33",
        "outputPath": "exports/icon/180.png",
        "exportedAt": "2026-07-17T01:15:50.311Z",
        "exportChecksum": "sha256:c2e889c0963c3c70783c88dd0a3dc6a35bccb044ac19884b0cd0c3b960dd3140"
      },
      "exports/icon/32.png": {
        "sourceChecksum": "sha256:6ee6b520f2c0e5eea9b7efca53119250c48a40ba4c866cc9c373ad22404ade33",
        "outputPath": "exports/icon/32.png",
        "exportedAt": "2026-07-17T01:15:52.100Z",
        "exportChecksum": "sha256:0316f40891fffbde460b4bf5d4d11070047bea6cf3ae83dde4469f34690edf75"
      },
      "exports/icon/16.png": {
        "sourceChecksum": "sha256:6ee6b520f2c0e5eea9b7efca53119250c48a40ba4c866cc9c373ad22404ade33",
        "outputPath": "exports/icon/16.png",
        "exportedAt": "2026-07-17T01:15:53.885Z",
        "exportChecksum": "sha256:0112d8dcc05cfa4f5bf047cb90dbe35593a1c66148ff8b54fb1e810ed27b2b8f"
      }
    },
    "banner/banner": {
      "exports/banner/1280.png": {
        "sourceChecksum": "sha256:90e161acc66067d52a87db1434186ccff3aee61401efa8ae7d705e1030ea4a46",
        "outputPath": "exports/banner/1280.png",
        "exportedAt": "2026-07-17T01:15:55.626Z",
        "exportChecksum": "sha256:c59b8000c25548beae07233c0b77c093c75b75b08857236be7b71d9023238db4"
      },
      "public/img/banner/1280.png": {
        "sourceChecksum": "sha256:90e161acc66067d52a87db1434186ccff3aee61401efa8ae7d705e1030ea4a46",
        "outputPath": "public/img/banner/1280.png",
        "exportedAt": "2026-07-17T01:15:58.254Z",
        "exportChecksum": "sha256:c59b8000c25548beae07233c0b77c093c75b75b08857236be7b71d9023238db4"
      }
    }
  }
}
