{
  "version": 1,
  "assets": {
    "screenshots/01-hero": {
      "440x956": {
        "sourceChecksum": "sha256:b54c5d0b69f70d58e3115602dbe0199a78a343430ffdcb1a9e6631e8dde337aa",
        "outputPath": "/Users/ianmaccallum/Developer/Repos/open-assets/examples/cat-iq-test/exports/screenshots/01-hero.png",
        "exportedAt": "2026-03-28T14:37:15.627Z"
      },
      "iphone-6.9": {
        "sourceChecksum": "sha256:b54c5d0b69f70d58e3115602dbe0199a78a343430ffdcb1a9e6631e8dde337aa",
        "outputPath": "/Users/ianmaccallum/Developer/Repos/open-assets/examples/cat-iq-test/exports/screenshots/iphone-6.9/01-hero.png",
        "exportedAt": "2026-03-28T14:56:22.536Z"
      },
      "iphone-6.7": {
        "sourceChecksum": "sha256:b54c5d0b69f70d58e3115602dbe0199a78a343430ffdcb1a9e6631e8dde337aa",
        "outputPath": "/Users/ianmaccallum/Developer/Repos/open-assets/examples/cat-iq-test/exports/screenshots/iphone-6.7/01-hero.png",
        "exportedAt": "2026-03-28T14:56:35.594Z"
      },
      "iphone-6.5": {
        "sourceChecksum": "sha256:b54c5d0b69f70d58e3115602dbe0199a78a343430ffdcb1a9e6631e8dde337aa",
        "outputPath": "/Users/ianmaccallum/Developer/Repos/open-assets/examples/cat-iq-test/exports/screenshots/iphone-6.5/01-hero.png",
        "exportedAt": "2026-03-28T14:56:48.627Z"
      },
      "iphone-6.1": {
        "sourceChecksum": "sha256:b54c5d0b69f70d58e3115602dbe0199a78a343430ffdcb1a9e6631e8dde337aa",
        "outputPath": "/Users/ianmaccallum/Developer/Repos/open-assets/examples/cat-iq-test/exports/screenshots/iphone-6.1/01-hero.png",
        "exportedAt": "2026-03-28T14:57:01.615Z"
      }
    },
    "screenshots/02-quiz": {
      "440x956": {
        "sourceChecksum": "sha256:e5433a0b85b62f92c5928f3205c6d4308b913846b0b3937ce52103c7cfbe6bcd",
        "outputPath": "/Users/ianmaccallum/Developer/Repos/open-assets/examples/cat-iq-test/exports/screenshots/02-quiz.png",
        "exportedAt": "2026-03-28T14:37:17.264Z"
      },
      "iphone-6.9": {
        "sourceChecksum": "sha256:e5433a0b85b62f92c5928f3205c6d4308b913846b0b3937ce52103c7cfbe6bcd",
        "outputPath": "/Users/ianmaccallum/Developer/Repos/open-assets/examples/cat-iq-test/exports/screenshots/iphone-6.9/02-quiz.png",
        "exportedAt": "2026-03-28T14:56:24.895Z"
      },
      "iphone-6.7": {
        "sourceChecksum": "sha256:e5433a0b85b62f92c5928f3205c6d4308b913846b0b3937ce52103c7cfbe6bcd",
        "outputPath": "/Users/ianmaccallum/Developer/Repos/open-assets/examples/cat-iq-test/exports/screenshots/iphone-6.7/02-quiz.png",
        "exportedAt": "2026-03-28T14:56:37.925Z"
      },
      "iphone-6.5": {
        "sourceChecksum": "sha256:e5433a0b85b62f92c5928f3205c6d4308b913846b0b3937ce52103c7cfbe6bcd",
        "outputPath": "/Users/ianmaccallum/Developer/Repos/open-assets/examples/cat-iq-test/exports/screenshots/iphone-6.5/02-quiz.png",
        "exportedAt": "2026-03-28T14:56:50.965Z"
      },
      "iphone-6.1": {
        "sourceChecksum": "sha256:e5433a0b85b62f92c5928f3205c6d4308b913846b0b3937ce52103c7cfbe6bcd",
        "outputPath": "/Users/ianmaccallum/Developer/Repos/open-assets/examples/cat-iq-test/exports/screenshots/iphone-6.1/02-quiz.png",
        "exportedAt": "2026-03-28T14:57:03.892Z"
      }
    },
    "screenshots/03-photo": {
      "440x956": {
        "sourceChecksum": "sha256:b8a26b14edbdd659e149aa47819ae031cf279076017f09bf91bf73fb547d7a97",
        "outputPath": "/Users/ianmaccallum/Developer/Repos/open-assets/examples/cat-iq-test/exports/screenshots/03-photo.png",
        "exportedAt": "2026-03-28T14:37:18.911Z"
      },
      "iphone-6.9": {
        "sourceChecksum": "sha256:b8a26b14edbdd659e149aa47819ae031cf279076017f09bf91bf73fb547d7a97",
        "outputPath": "/Users/ianmaccallum/Developer/Repos/open-assets/examples/cat-iq-test/exports/screenshots/iphone-6.9/03-photo.png",
        "exportedAt": "2026-03-28T14:56:27.207Z"
      },
      "iphone-6.7": {
        "sourceChecksum": "sha256:b8a26b14edbdd659e149aa47819ae031cf279076017f09bf91bf73fb547d7a97",
        "outputPath": "/Users/ianmaccallum/Developer/Repos/open-assets/examples/cat-iq-test/exports/screenshots/iphone-6.7/03-photo.png",
        "exportedAt": "2026-03-28T14:56:40.182Z"
      },
      "iphone-6.5": {
        "sourceChecksum": "sha256:b8a26b14edbdd659e149aa47819ae031cf279076017f09bf91bf73fb547d7a97",
        "outputPath": "/Users/ianmaccallum/Developer/Repos/open-assets/examples/cat-iq-test/exports/screenshots/iphone-6.5/03-photo.png",
        "exportedAt": "2026-03-28T14:56:53.231Z"
      },
      "iphone-6.1": {
        "sourceChecksum": "sha256:b8a26b14edbdd659e149aa47819ae031cf279076017f09bf91bf73fb547d7a97",
        "outputPath": "/Users/ianmaccallum/Developer/Repos/open-assets/examples/cat-iq-test/exports/screenshots/iphone-6.1/03-photo.png",
        "exportedAt": "2026-03-28T14:57:06.082Z"
      }
    },
    "screenshots/04-processing": {
      "440x956": {
        "sourceChecksum": "sha256:a9c5db17ba31cbdfac904870e45da5d17d90986516d080b68eae42466db928e4",
        "outputPath": "/Users/ianmaccallum/Developer/Repos/open-assets/examples/cat-iq-test/exports/screenshots/04-processing.png",
        "exportedAt": "2026-03-28T14:37:20.550Z"
      },
      "iphone-6.9": {
        "sourceChecksum": "sha256:a9c5db17ba31cbdfac904870e45da5d17d90986516d080b68eae42466db928e4",
        "outputPath": "/Users/ianmaccallum/Developer/Repos/open-assets/examples/cat-iq-test/exports/screenshots/iphone-6.9/04-processing.png",
        "exportedAt": "2026-03-28T14:56:29.259Z"
      },
      "iphone-6.7": {
        "sourceChecksum": "sha256:a9c5db17ba31cbdfac904870e45da5d17d90986516d080b68eae42466db928e4",
        "outputPath": "/Users/ianmaccallum/Developer/Repos/open-assets/examples/cat-iq-test/exports/screenshots/iphone-6.7/04-processing.png",
        "exportedAt": "2026-03-28T14:56:42.242Z"
      },
      "iphone-6.5": {
        "sourceChecksum": "sha256:a9c5db17ba31cbdfac904870e45da5d17d90986516d080b68eae42466db928e4",
        "outputPath": "/Users/ianmaccallum/Developer/Repos/open-assets/examples/cat-iq-test/exports/screenshots/iphone-6.5/04-processing.png",
        "exportedAt": "2026-03-28T14:56:55.313Z"
      },
      "iphone-6.1": {
        "sourceChecksum": "sha256:a9c5db17ba31cbdfac904870e45da5d17d90986516d080b68eae42466db928e4",
        "outputPath": "/Users/ianmaccallum/Developer/Repos/open-assets/examples/cat-iq-test/exports/screenshots/iphone-6.1/04-processing.png",
        "exportedAt": "2026-03-28T14:57:08.095Z"
      }
    },
    "screenshots/05-certificate": {
      "440x956": {
        "sourceChecksum": "sha256:d8bf179f37ed52992dd4d9d7a738d5c33d7818ead3691ca7857c486c29198ef8",
        "outputPath": "/Users/ianmaccallum/Developer/Repos/open-assets/examples/cat-iq-test/exports/screenshots/05-certificate.png",
        "exportedAt": "2026-03-28T14:37:22.177Z"
      },
      "iphone-6.9": {
        "sourceChecksum": "sha256:d8bf179f37ed52992dd4d9d7a738d5c33d7818ead3691ca7857c486c29198ef8",
        "outputPath": "/Users/ianmaccallum/Developer/Repos/open-assets/examples/cat-iq-test/exports/screenshots/iphone-6.9/05-certificate.png",
        "exportedAt": "2026-03-28T14:56:31.284Z"
      },
      "iphone-6.7": {
        "sourceChecksum": "sha256:d8bf179f37ed52992dd4d9d7a738d5c33d7818ead3691ca7857c486c29198ef8",
        "outputPath": "/Users/ianmaccallum/Developer/Repos/open-assets/examples/cat-iq-test/exports/screenshots/iphone-6.7/05-certificate.png",
        "exportedAt": "2026-03-28T14:56:44.267Z"
      },
      "iphone-6.5": {
        "sourceChecksum": "sha256:d8bf179f37ed52992dd4d9d7a738d5c33d7818ead3691ca7857c486c29198ef8",
        "outputPath": "/Users/ianmaccallum/Developer/Repos/open-assets/examples/cat-iq-test/exports/screenshots/iphone-6.5/05-certificate.png",
        "exportedAt": "2026-03-28T14:56:57.343Z"
      },
      "iphone-6.1": {
        "sourceChecksum": "sha256:d8bf179f37ed52992dd4d9d7a738d5c33d7818ead3691ca7857c486c29198ef8",
        "outputPath": "/Users/ianmaccallum/Developer/Repos/open-assets/examples/cat-iq-test/exports/screenshots/iphone-6.1/05-certificate.png",
        "exportedAt": "2026-03-28T14:57:10.091Z"
      }
    },
    "screenshots/06-history": {
      "440x956": {
        "sourceChecksum": "sha256:d4c78cf54fc4291660971c8d768eae1a299b998443055d699009b196308eb1f6",
        "outputPath": "/Users/ianmaccallum/Developer/Repos/open-assets/examples/cat-iq-test/exports/screenshots/06-history.png",
        "exportedAt": "2026-03-28T14:37:23.807Z"
      },
      "iphone-6.9": {
        "sourceChecksum": "sha256:d4c78cf54fc4291660971c8d768eae1a299b998443055d699009b196308eb1f6",
        "outputPath": "/Users/ianmaccallum/Developer/Repos/open-assets/examples/cat-iq-test/exports/screenshots/iphone-6.9/06-history.png",
        "exportedAt": "2026-03-28T14:56:33.285Z"
      },
      "iphone-6.7": {
        "sourceChecksum": "sha256:d4c78cf54fc4291660971c8d768eae1a299b998443055d699009b196308eb1f6",
        "outputPath": "/Users/ianmaccallum/Developer/Repos/open-assets/examples/cat-iq-test/exports/screenshots/iphone-6.7/06-history.png",
        "exportedAt": "2026-03-28T14:56:46.278Z"
      },
      "iphone-6.5": {
        "sourceChecksum": "sha256:d4c78cf54fc4291660971c8d768eae1a299b998443055d699009b196308eb1f6",
        "outputPath": "/Users/ianmaccallum/Developer/Repos/open-assets/examples/cat-iq-test/exports/screenshots/iphone-6.5/06-history.png",
        "exportedAt": "2026-03-28T14:56:59.345Z"
      },
      "iphone-6.1": {
        "sourceChecksum": "sha256:d4c78cf54fc4291660971c8d768eae1a299b998443055d699009b196308eb1f6",
        "outputPath": "/Users/ianmaccallum/Developer/Repos/open-assets/examples/cat-iq-test/exports/screenshots/iphone-6.1/06-history.png",
        "exportedAt": "2026-03-28T14:57:12.051Z"
      }
    },
    "product-hunt/ph-01-hero": {
      "1270x760": {
        "sourceChecksum": "sha256:bf71c25804992bde34506544e3bd3d3151632658ef216dc234941fb30e5c6518",
        "outputPath": "/Users/ianmaccallum/Developer/Repos/open-assets/examples/cat-iq-test/exports/product-hunt/ph-01-hero.png",
        "exportedAt": "2026-03-28T14:37:25.463Z"
      },
      "1x": {
        "sourceChecksum": "sha256:bf71c25804992bde34506544e3bd3d3151632658ef216dc234941fb30e5c6518",
        "outputPath": "/Users/ianmaccallum/Developer/Repos/open-assets/examples/cat-iq-test/exports/product-hunt/1x/ph-01-hero.png",
        "exportedAt": "2026-03-28T14:57:13.803Z"
      },
      "2x": {
        "sourceChecksum": "sha256:bf71c25804992bde34506544e3bd3d3151632658ef216dc234941fb30e5c6518",
        "outputPath": "/Users/ianmaccallum/Developer/Repos/open-assets/examples/cat-iq-test/exports/product-hunt/2x/ph-01-hero.png",
        "exportedAt": "2026-03-28T14:57:22.913Z"
      }
    },
    "product-hunt/ph-02-how-it-works": {
      "1270x760": {
        "sourceChecksum": "sha256:5e21eb2764e2c4e5c95a8cbddee332a9fdf97ef778bf4fe6a9a0fdcc3cd2c63a",
        "outputPath": "/Users/ianmaccallum/Developer/Repos/open-assets/examples/cat-iq-test/exports/product-hunt/ph-02-how-it-works.png",
        "exportedAt": "2026-03-28T14:37:27.246Z"
      },
      "1x": {
        "sourceChecksum": "sha256:5e21eb2764e2c4e5c95a8cbddee332a9fdf97ef778bf4fe6a9a0fdcc3cd2c63a",
        "outputPath": "/Users/ianmaccallum/Developer/Repos/open-assets/examples/cat-iq-test/exports/product-hunt/1x/ph-02-how-it-works.png",
        "exportedAt": "2026-03-28T14:57:15.594Z"
      },
      "2x": {
        "sourceChecksum": "sha256:5e21eb2764e2c4e5c95a8cbddee332a9fdf97ef778bf4fe6a9a0fdcc3cd2c63a",
        "outputPath": "/Users/ianmaccallum/Developer/Repos/open-assets/examples/cat-iq-test/exports/product-hunt/2x/ph-02-how-it-works.png",
        "exportedAt": "2026-03-28T14:57:25.303Z"
      }
    },
    "product-hunt/ph-03-certificate": {
      "1270x760": {
        "sourceChecksum": "sha256:79f22944f061cf8cf016f54d808558dc205a4ca1c4013493c22f908b013a985f",
        "outputPath": "/Users/ianmaccallum/Developer/Repos/open-assets/examples/cat-iq-test/exports/product-hunt/ph-03-certificate.png",
        "exportedAt": "2026-03-28T14:37:28.969Z"
      },
      "1x": {
        "sourceChecksum": "sha256:79f22944f061cf8cf016f54d808558dc205a4ca1c4013493c22f908b013a985f",
        "outputPath": "/Users/ianmaccallum/Developer/Repos/open-assets/examples/cat-iq-test/exports/product-hunt/1x/ph-03-certificate.png",
        "exportedAt": "2026-03-28T14:57:17.356Z"
      },
      "2x": {
        "sourceChecksum": "sha256:79f22944f061cf8cf016f54d808558dc205a4ca1c4013493c22f908b013a985f",
        "outputPath": "/Users/ianmaccallum/Developer/Repos/open-assets/examples/cat-iq-test/exports/product-hunt/2x/ph-03-certificate.png",
        "exportedAt": "2026-03-28T14:57:27.471Z"
      }
    },
    "product-hunt/ph-04-classifications": {
      "1270x760": {
        "sourceChecksum": "sha256:8b2e9e326df263d78a960381bfcbf8b2ccbab56383ca1d43648c24d5ba1f2588",
        "outputPath": "/Users/ianmaccallum/Developer/Repos/open-assets/examples/cat-iq-test/exports/product-hunt/ph-04-classifications.png",
        "exportedAt": "2026-03-28T14:37:30.655Z"
      },
      "1x": {
        "sourceChecksum": "sha256:8b2e9e326df263d78a960381bfcbf8b2ccbab56383ca1d43648c24d5ba1f2588",
        "outputPath": "/Users/ianmaccallum/Developer/Repos/open-assets/examples/cat-iq-test/exports/product-hunt/1x/ph-04-classifications.png",
        "exportedAt": "2026-03-28T14:57:19.052Z"
      },
      "2x": {
        "sourceChecksum": "sha256:8b2e9e326df263d78a960381bfcbf8b2ccbab56383ca1d43648c24d5ba1f2588",
        "outputPath": "/Users/ianmaccallum/Developer/Repos/open-assets/examples/cat-iq-test/exports/product-hunt/2x/ph-04-classifications.png",
        "exportedAt": "2026-03-28T14:57:29.576Z"
      }
    },
    "product-hunt/ph-05-cta": {
      "1270x760": {
        "sourceChecksum": "sha256:8ddb79d22001f17243c4e152f6a684aee47bfe542a92b86e0b5cbb63cce5cf97",
        "outputPath": "/Users/ianmaccallum/Developer/Repos/open-assets/examples/cat-iq-test/exports/product-hunt/ph-05-cta.png",
        "exportedAt": "2026-03-28T14:37:32.374Z"
      },
      "1x": {
        "sourceChecksum": "sha256:8ddb79d22001f17243c4e152f6a684aee47bfe542a92b86e0b5cbb63cce5cf97",
        "outputPath": "/Users/ianmaccallum/Developer/Repos/open-assets/examples/cat-iq-test/exports/product-hunt/1x/ph-05-cta.png",
        "exportedAt": "2026-03-28T14:57:20.553Z"
      },
      "2x": {
        "sourceChecksum": "sha256:8ddb79d22001f17243c4e152f6a684aee47bfe542a92b86e0b5cbb63cce5cf97",
        "outputPath": "/Users/ianmaccallum/Developer/Repos/open-assets/examples/cat-iq-test/exports/product-hunt/2x/ph-05-cta.png",
        "exportedAt": "2026-03-28T14:57:31.748Z"
      }
    },
    "icon/icon": {
      "512": {
        "sourceChecksum": "sha256:736b2bb92db3f0da70198bc7501a2cff28a946320612ab62227d33c7d9101753",
        "outputPath": "/Users/ianmaccallum/Developer/Repos/open-assets/examples/cat-iq-test/exports/icon/512.png",
        "exportedAt": "2026-03-28T14:57:34.455Z"
      },
      "1024": {
        "sourceChecksum": "sha256:736b2bb92db3f0da70198bc7501a2cff28a946320612ab62227d33c7d9101753",
        "outputPath": "/Users/ianmaccallum/Developer/Repos/open-assets/examples/cat-iq-test/exports/icon/1024.png",
        "exportedAt": "2026-03-28T14:57:32.980Z"
      },
      "1024x1024": {
        "sourceChecksum": "sha256:736b2bb92db3f0da70198bc7501a2cff28a946320612ab62227d33c7d9101753",
        "outputPath": "/Users/ianmaccallum/Developer/Repos/open-assets/examples/cat-iq-test/exports/icon/icon.png",
        "exportedAt": "2026-03-28T14:37:33.608Z"
      }
    },
    "logo/logo": {
      "940x940": {
        "sourceChecksum": "sha256:f5949a2f869bafe9a95af1d9f3b6a905836fdb819145225853856a077b9489a4",
        "outputPath": "/Users/ianmaccallum/Developer/Repos/open-assets/examples/cat-iq-test/exports/logo/logo.png",
        "exportedAt": "2026-03-28T14:37:35.210Z"
      },
      "logo-1024": {
        "sourceChecksum": "sha256:f5949a2f869bafe9a95af1d9f3b6a905836fdb819145225853856a077b9489a4",
        "outputPath": "/Users/ianmaccallum/Developer/Repos/open-assets/examples/cat-iq-test/exports/logo/logo-1024.png",
        "exportedAt": "2026-03-28T14:57:36.267Z"
      },
      "logo-512": {
        "sourceChecksum": "sha256:f5949a2f869bafe9a95af1d9f3b6a905836fdb819145225853856a077b9489a4",
        "outputPath": "/Users/ianmaccallum/Developer/Repos/open-assets/examples/cat-iq-test/exports/logo/logo-512.png",
        "exportedAt": "2026-03-28T14:57:38.069Z"
      }
    }
  }
}
