{
  "version": 1,
  "assets": {
    "screenshots/01-hero": {
      "440x956": {
        "sourceChecksum": "sha256:b54c5d0b69f70d58e3115602dbe0199a78a343430ffdcb1a9e6631e8dde337aa",
        "outputPath": "/Users/ianmaccallum/Developer/Repos/open-assets/examples/cat-iq-test/exports/screenshots/01-hero.png",
        "exportedAt": "2026-03-26T03:54:46.303Z"
      }
    },
    "screenshots/02-quiz": {
      "440x956": {
        "sourceChecksum": "sha256:e5433a0b85b62f92c5928f3205c6d4308b913846b0b3937ce52103c7cfbe6bcd",
        "outputPath": "/Users/ianmaccallum/Developer/Repos/open-assets/examples/cat-iq-test/exports/screenshots/02-quiz.png",
        "exportedAt": "2026-03-26T04:05:31.585Z"
      }
    },
    "screenshots/03-photo": {
      "440x956": {
        "sourceChecksum": "sha256:b8a26b14edbdd659e149aa47819ae031cf279076017f09bf91bf73fb547d7a97",
        "outputPath": "/Users/ianmaccallum/Developer/Repos/open-assets/examples/cat-iq-test/exports/screenshots/03-photo.png",
        "exportedAt": "2026-03-26T04:05:33.226Z"
      }
    },
    "screenshots/04-processing": {
      "440x956": {
        "sourceChecksum": "sha256:a9c5db17ba31cbdfac904870e45da5d17d90986516d080b68eae42466db928e4",
        "outputPath": "/Users/ianmaccallum/Developer/Repos/open-assets/examples/cat-iq-test/exports/screenshots/04-processing.png",
        "exportedAt": "2026-03-26T04:05:34.868Z"
      }
    },
    "screenshots/05-certificate": {
      "440x956": {
        "sourceChecksum": "sha256:d8bf179f37ed52992dd4d9d7a738d5c33d7818ead3691ca7857c486c29198ef8",
        "outputPath": "/Users/ianmaccallum/Developer/Repos/open-assets/examples/cat-iq-test/exports/screenshots/05-certificate.png",
        "exportedAt": "2026-03-26T04:05:36.224Z"
      }
    },
    "screenshots/06-history": {
      "440x956": {
        "sourceChecksum": "sha256:d4c78cf54fc4291660971c8d768eae1a299b998443055d699009b196308eb1f6",
        "outputPath": "/Users/ianmaccallum/Developer/Repos/open-assets/examples/cat-iq-test/exports/screenshots/06-history.png",
        "exportedAt": "2026-03-26T04:05:37.853Z"
      }
    },
    "product-hunt/ph-01-hero": {
      "1270x760": {
        "sourceChecksum": "sha256:f11491bc70b275567755e26750d46a4f5c74e966804909363319ebeb5503d56a",
        "outputPath": "/Users/ianmaccallum/Developer/Repos/open-assets/examples/cat-iq-test/exports/product-hunt/ph-01-hero.png",
        "exportedAt": "2026-03-26T04:05:39.612Z"
      }
    },
    "product-hunt/ph-02-how-it-works": {
      "1270x760": {
        "sourceChecksum": "sha256:5e21eb2764e2c4e5c95a8cbddee332a9fdf97ef778bf4fe6a9a0fdcc3cd2c63a",
        "outputPath": "/Users/ianmaccallum/Developer/Repos/open-assets/examples/cat-iq-test/exports/product-hunt/ph-02-how-it-works.png",
        "exportedAt": "2026-03-26T04:05:41.390Z"
      }
    },
    "product-hunt/ph-03-certificate": {
      "1270x760": {
        "sourceChecksum": "sha256:79f22944f061cf8cf016f54d808558dc205a4ca1c4013493c22f908b013a985f",
        "outputPath": "/Users/ianmaccallum/Developer/Repos/open-assets/examples/cat-iq-test/exports/product-hunt/ph-03-certificate.png",
        "exportedAt": "2026-03-26T04:05:43.103Z"
      }
    },
    "product-hunt/ph-04-classifications": {
      "1270x760": {
        "sourceChecksum": "sha256:8b2e9e326df263d78a960381bfcbf8b2ccbab56383ca1d43648c24d5ba1f2588",
        "outputPath": "/Users/ianmaccallum/Developer/Repos/open-assets/examples/cat-iq-test/exports/product-hunt/ph-04-classifications.png",
        "exportedAt": "2026-03-26T04:05:44.797Z"
      }
    },
    "product-hunt/ph-05-cta": {
      "1270x760": {
        "sourceChecksum": "sha256:594ca569877a20b100fca323d8eb9b79377607a28b1239e0ceddfbe88e8fc975",
        "outputPath": "/Users/ianmaccallum/Developer/Repos/open-assets/examples/cat-iq-test/exports/product-hunt/ph-05-cta.png",
        "exportedAt": "2026-03-26T04:05:46.517Z"
      }
    },
    "icon/icon": {
      "1024x1024": {
        "sourceChecksum": "sha256:4a6815c4e05be8fc1076aaf47c3f1225c84c7bdda592c70ffb8dfe9fa6d06cd3",
        "outputPath": "/Users/ianmaccallum/Developer/Repos/open-assets/examples/cat-iq-test/exports/icon/icon.png",
        "exportedAt": "2026-03-26T04:05:47.755Z"
      }
    },
    "logo/logo": {
      "940x940": {
        "sourceChecksum": "sha256:f5949a2f869bafe9a95af1d9f3b6a905836fdb819145225853856a077b9489a4",
        "outputPath": "/Users/ianmaccallum/Developer/Repos/open-assets/examples/cat-iq-test/exports/logo/logo.png",
        "exportedAt": "2026-03-26T04:05:49.355Z"
      }
    }
  }
}
